// !$*UTF8*$!
{
	archiveVersion = 1;
	classes = {
	};
	objectVersion = 77;
	objects = {

/* Begin PBXBuildFile section */
		032A86C20037C5F776A35F80 /* VideoEdits.swift in Sources */ = {isa = PBXBuildFile; fileRef = DDB6A39DC3709D972D9F703D /* VideoEdits.swift */; };
		052616A664731B25D110A1DC /* ColorHex.swift in Sources */ = {isa = PBXBuildFile; fileRef = 43B16851DFFEE0D862CA25F5 /* ColorHex.swift */; };
		0B79E75052C3F11381B32CBE /* CaptureApp.swift in Sources */ = {isa = PBXBuildFile; fileRef = 798E078CFAAD34F2EFA2C525 /* CaptureApp.swift */; };
		12957E342B20D19DC4686DEF /* DeviceManager.swift in Sources */ = {isa = PBXBuildFile; fileRef = C99F88A119AC1A7E27A12238 /* DeviceManager.swift */; };
		1C24AB8151FEEF471F6C0D35 /* ExportSettings.swift in Sources */ = {isa = PBXBuildFile; fileRef = 914E022D031C2418DB050B65 /* ExportSettings.swift */; };
		20C3198D8389F50E04D2CFC9 /* ScreenshotExporter.swift in Sources */ = {isa = PBXBuildFile; fileRef = 8179F90772BDC74B3BE06180 /* ScreenshotExporter.swift */; };
		24D0EBCC90AFDD2F1915DE7A /* Preferences.swift in Sources */ = {isa = PBXBuildFile; fileRef = 6C1F43CD8DC6EDE15E504124 /* Preferences.swift */; };
		25EF66E79903A48CA0BA50DE /* EmptyStateView.swift in Sources */ = {isa = PBXBuildFile; fileRef = 19BD4894FA4DA29672406AB5 /* EmptyStateView.swift */; };
		2B0A40F84FE03D98ABC459B9 /* ScreenshotsView.swift in Sources */ = {isa = PBXBuildFile; fileRef = C9FCC63A2B91680C9CA42AE7 /* ScreenshotsView.swift */; };
		328B0941285BC2743A4EB05A /* SettingsView.swift in Sources */ = {isa = PBXBuildFile; fileRef = D675959D7F8384D5334ACA07 /* SettingsView.swift */; };
		3B4EA10F03E20387054B2E9A /* SidebarView.swift in Sources */ = {isa = PBXBuildFile; fileRef = BE7F358BB37C8E456F0C682A /* SidebarView.swift */; };
		4BB740CF7E2AA26A36CD9574 /* VideoInspector.swift in Sources */ = {isa = PBXBuildFile; fileRef = DE4D20A52D30A1DAE24114D0 /* VideoInspector.swift */; };
		56EA6C419E41ACDF1443B1B7 /* DeviceModel.swift in Sources */ = {isa = PBXBuildFile; fileRef = A85E623B479AAFE9D781712C /* DeviceModel.swift */; };
		5AE67B5362420988B02E513B /* CaptureMarker.swift in Sources */ = {isa = PBXBuildFile; fileRef = A2A4D0DB953846D6D40F98B6 /* CaptureMarker.swift */; };
		677EB461FF6556ECEDBB04AF /* VideosView.swift in Sources */ = {isa = PBXBuildFile; fileRef = 2DA07AC3EBFE98EDB4257989 /* VideosView.swift */; };
		6F18D59DBDE8B569F88BB4DB /* AppUpdater.swift in Sources */ = {isa = PBXBuildFile; fileRef = B05635D390CEB0C46AB32BFA /* AppUpdater.swift */; };
		8505E7E1B44E814099615C3E /* ExportInspector.swift in Sources */ = {isa = PBXBuildFile; fileRef = 3D5F26BF3A02C1C0BF0C5AC7 /* ExportInspector.swift */; };
		8AF109D3B8E19AF6ADC59FE6 /* ScreenshotComposition.swift in Sources */ = {isa = PBXBuildFile; fileRef = 13FA7EE8B57DB800E27B7EFF /* ScreenshotComposition.swift */; };
		8C466FF2663C7810AE3F05F7 /* Sparkle in Frameworks */ = {isa = PBXBuildFile; productRef = 161AFAC94DEF4202C8B9238A /* Sparkle */; };
		8FA57D83A5E5B1E97BEB238F /* MovieRecorder.swift in Sources */ = {isa = PBXBuildFile; fileRef = BC7BB86498C66053058E1EF8 /* MovieRecorder.swift */; };
		90451C2A3EA7C005BD81DB4B /* LaunchArguments.swift in Sources */ = {isa = PBXBuildFile; fileRef = 62E621C4EFD574904232267D /* LaunchArguments.swift */; };
		95CF826E2949863F0574B130 /* PreviewSession.swift in Sources */ = {isa = PBXBuildFile; fileRef = E8624BEC384FF7632A890F88 /* PreviewSession.swift */; };
		9CB4E79386ED69DFB7F30377 /* CaptureController.swift in Sources */ = {isa = PBXBuildFile; fileRef = 67CEA3E11D7C1CA3C0243BF9 /* CaptureController.swift */; };
		9E7B27EAFD354285A43240B8 /* OnboardingView.swift in Sources */ = {isa = PBXBuildFile; fileRef = 08C610CBBDB7B0C09743EF82 /* OnboardingView.swift */; };
		9EDAA42E01F2D98E285B619E /* Localizable.xcstrings in Resources */ = {isa = PBXBuildFile; fileRef = D8364D0A15C26238D618D64F /* Localizable.xcstrings */; };
		A3A240434DD63B58047FE417 /* VideoRenderer.swift in Sources */ = {isa = PBXBuildFile; fileRef = EA708DCCFB9E20781D93AE27 /* VideoRenderer.swift */; };
		AF529579361B5A1586D80A11 /* Palette.swift in Sources */ = {isa = PBXBuildFile; fileRef = 6FFFD98EB26E9F37F0EAB383 /* Palette.swift */; };
		B1972B5E31E5AC8B1F7FC425 /* CaptureFolder.swift in Sources */ = {isa = PBXBuildFile; fileRef = 6E26AF2380BC561283FBD05C /* CaptureFolder.swift */; };
		B47DBE531FE0EA022B65725C /* CaptureLibrary.swift in Sources */ = {isa = PBXBuildFile; fileRef = 17DC58180F29A10F15E466AF /* CaptureLibrary.swift */; };
		BACC6D946F89D64C78CEB8A0 /* InfoPlist.xcstrings in Resources */ = {isa = PBXBuildFile; fileRef = FC4714E87BA3F454D61AB62E /* InfoPlist.xcstrings */; };
		BE23A55519E4BC885127964B /* Assets.xcassets in Resources */ = {isa = PBXBuildFile; fileRef = 349A34C451E183983A2671F7 /* Assets.xcassets */; };
		C83B1E301FB17102CABD3846 /* VideoTimeline.swift in Sources */ = {isa = PBXBuildFile; fileRef = 6CC9BA93615EDB27CA04F8F0 /* VideoTimeline.swift */; };
		CB82FFDAAAC8528116E9998E /* ConnectedView.swift in Sources */ = {isa = PBXBuildFile; fileRef = 69D5BA942A8247E543839250 /* ConnectedView.swift */; };
		E35F479814AE62E837D69E4F /* DevicePreview.swift in Sources */ = {isa = PBXBuildFile; fileRef = A876D61EAABADA01DB4056AF /* DevicePreview.swift */; };
		F3F191B542621ED928834DA3 /* MainView.swift in Sources */ = {isa = PBXBuildFile; fileRef = 4007BBDE6B834F0FA7C409D0 /* MainView.swift */; };
		FE8C79C48D4ACEA9AE3C5405 /* VideoProject.swift in Sources */ = {isa = PBXBuildFile; fileRef = C83EE4141FEAAA319C110BBE /* VideoProject.swift */; };
		FF3F18F116213DB2AA38FDB5 /* AppMover.swift in Sources */ = {isa = PBXBuildFile; fileRef = 5297FE453ADC5A14C5300026 /* AppMover.swift */; };
/* End PBXBuildFile section */

/* Begin PBXFileReference section */
		08C610CBBDB7B0C09743EF82 /* OnboardingView.swift */ = {isa = PBXFileReference; lastKnownFileType = sourcecode.swift; path = OnboardingView.swift; sourceTree = "<group>"; };
		13FA7EE8B57DB800E27B7EFF /* ScreenshotComposition.swift */ = {isa = PBXFileReference; lastKnownFileType = sourcecode.swift; path = ScreenshotComposition.swift; sourceTree = "<group>"; };
		17DC58180F29A10F15E466AF /* CaptureLibrary.swift */ = {isa = PBXFileReference; lastKnownFileType = sourcecode.swift; path = CaptureLibrary.swift; sourceTree = "<group>"; };
		19BD4894FA4DA29672406AB5 /* EmptyStateView.swift */ = {isa = PBXFileReference; lastKnownFileType = sourcecode.swift; path = EmptyStateView.swift; sourceTree = "<group>"; };
		298D1D0616D9C3236B5705BC /* Info.plist */ = {isa = PBXFileReference; lastKnownFileType = text.plist; path = Info.plist; sourceTree = "<group>"; };
		2DA07AC3EBFE98EDB4257989 /* VideosView.swift */ = {isa = PBXFileReference; lastKnownFileType = sourcecode.swift; path = VideosView.swift; sourceTree = "<group>"; };
		349A34C451E183983A2671F7 /* Assets.xcassets */ = {isa = PBXFileReference; lastKnownFileType = folder.assetcatalog; path = Assets.xcassets; sourceTree = "<group>"; };
		3D5F26BF3A02C1C0BF0C5AC7 /* ExportInspector.swift */ = {isa = PBXFileReference; lastKnownFileType = sourcecode.swift; path = ExportInspector.swift; sourceTree = "<group>"; };
		4007BBDE6B834F0FA7C409D0 /* MainView.swift */ = {isa = PBXFileReference; lastKnownFileType = sourcecode.swift; path = MainView.swift; sourceTree = "<group>"; };
		43B16851DFFEE0D862CA25F5 /* ColorHex.swift */ = {isa = PBXFileReference; lastKnownFileType = sourcecode.swift; path = ColorHex.swift; sourceTree = "<group>"; };
		5297FE453ADC5A14C5300026 /* AppMover.swift */ = {isa = PBXFileReference; lastKnownFileType = sourcecode.swift; path = AppMover.swift; sourceTree = "<group>"; };
		62E621C4EFD574904232267D /* LaunchArguments.swift */ = {isa = PBXFileReference; lastKnownFileType = sourcecode.swift; path = LaunchArguments.swift; sourceTree = "<group>"; };
		67CEA3E11D7C1CA3C0243BF9 /* CaptureController.swift */ = {isa = PBXFileReference; lastKnownFileType = sourcecode.swift; path = CaptureController.swift; sourceTree = "<group>"; };
		69BD76531EEF7711AC200E9D /* Capture.entitlements */ = {isa = PBXFileReference; lastKnownFileType = text.plist.entitlements; path = Capture.entitlements; sourceTree = "<group>"; };
		69D5BA942A8247E543839250 /* ConnectedView.swift */ = {isa = PBXFileReference; lastKnownFileType = sourcecode.swift; path = ConnectedView.swift; sourceTree = "<group>"; };
		6C1F43CD8DC6EDE15E504124 /* Preferences.swift */ = {isa = PBXFileReference; lastKnownFileType = sourcecode.swift; path = Preferences.swift; sourceTree = "<group>"; };
		6CC9BA93615EDB27CA04F8F0 /* VideoTimeline.swift */ = {isa = PBXFileReference; lastKnownFileType = sourcecode.swift; path = VideoTimeline.swift; sourceTree = "<group>"; };
		6E26AF2380BC561283FBD05C /* CaptureFolder.swift */ = {isa = PBXFileReference; lastKnownFileType = sourcecode.swift; path = CaptureFolder.swift; sourceTree = "<group>"; };
		6FFFD98EB26E9F37F0EAB383 /* Palette.swift */ = {isa = PBXFileReference; lastKnownFileType = sourcecode.swift; path = Palette.swift; sourceTree = "<group>"; };
		798E078CFAAD34F2EFA2C525 /* CaptureApp.swift */ = {isa = PBXFileReference; lastKnownFileType = sourcecode.swift; path = CaptureApp.swift; sourceTree = "<group>"; };
		8179F90772BDC74B3BE06180 /* ScreenshotExporter.swift */ = {isa = PBXFileReference; lastKnownFileType = sourcecode.swift; path = ScreenshotExporter.swift; sourceTree = "<group>"; };
		87747926BD259319B628DB73 /* Capture.app */ = {isa = PBXFileReference; explicitFileType = wrapper.application; includeInIndex = 0; path = Capture.app; sourceTree = BUILT_PRODUCTS_DIR; };
		914E022D031C2418DB050B65 /* ExportSettings.swift */ = {isa = PBXFileReference; lastKnownFileType = sourcecode.swift; path = ExportSettings.swift; sourceTree = "<group>"; };
		A2A4D0DB953846D6D40F98B6 /* CaptureMarker.swift */ = {isa = PBXFileReference; lastKnownFileType = sourcecode.swift; path = CaptureMarker.swift; sourceTree = "<group>"; };
		A85E623B479AAFE9D781712C /* DeviceModel.swift */ = {isa = PBXFileReference; lastKnownFileType = sourcecode.swift; path = DeviceModel.swift; sourceTree = "<group>"; };
		A876D61EAABADA01DB4056AF /* DevicePreview.swift */ = {isa = PBXFileReference; lastKnownFileType = sourcecode.swift; path = DevicePreview.swift; sourceTree = "<group>"; };
		B05635D390CEB0C46AB32BFA /* AppUpdater.swift */ = {isa = PBXFileReference; lastKnownFileType = sourcecode.swift; path = AppUpdater.swift; sourceTree = "<group>"; };
		BC7BB86498C66053058E1EF8 /* MovieRecorder.swift */ = {isa = PBXFileReference; lastKnownFileType = sourcecode.swift; path = MovieRecorder.swift; sourceTree = "<group>"; };
		BE7F358BB37C8E456F0C682A /* SidebarView.swift */ = {isa = PBXFileReference; lastKnownFileType = sourcecode.swift; path = SidebarView.swift; sourceTree = "<group>"; };
		C83EE4141FEAAA319C110BBE /* VideoProject.swift */ = {isa = PBXFileReference; lastKnownFileType = sourcecode.swift; path = VideoProject.swift; sourceTree = "<group>"; };
		C99F88A119AC1A7E27A12238 /* DeviceManager.swift */ = {isa = PBXFileReference; lastKnownFileType = sourcecode.swift; path = DeviceManager.swift; sourceTree = "<group>"; };
		C9FCC63A2B91680C9CA42AE7 /* ScreenshotsView.swift */ = {isa = PBXFileReference; lastKnownFileType = sourcecode.swift; path = ScreenshotsView.swift; sourceTree = "<group>"; };
		D675959D7F8384D5334ACA07 /* SettingsView.swift */ = {isa = PBXFileReference; lastKnownFileType = sourcecode.swift; path = SettingsView.swift; sourceTree = "<group>"; };
		D8364D0A15C26238D618D64F /* Localizable.xcstrings */ = {isa = PBXFileReference; lastKnownFileType = text.json.xcstrings; path = Localizable.xcstrings; sourceTree = "<group>"; };
		DDB6A39DC3709D972D9F703D /* VideoEdits.swift */ = {isa = PBXFileReference; lastKnownFileType = sourcecode.swift; path = VideoEdits.swift; sourceTree = "<group>"; };
		DE4D20A52D30A1DAE24114D0 /* VideoInspector.swift */ = {isa = PBXFileReference; lastKnownFileType = sourcecode.swift; path = VideoInspector.swift; sourceTree = "<group>"; };
		E8624BEC384FF7632A890F88 /* PreviewSession.swift */ = {isa = PBXFileReference; lastKnownFileType = sourcecode.swift; path = PreviewSession.swift; sourceTree = "<group>"; };
		EA708DCCFB9E20781D93AE27 /* VideoRenderer.swift */ = {isa = PBXFileReference; lastKnownFileType = sourcecode.swift; path = VideoRenderer.swift; sourceTree = "<group>"; };
		FC4714E87BA3F454D61AB62E /* InfoPlist.xcstrings */ = {isa = PBXFileReference; lastKnownFileType = text.json.xcstrings; path = InfoPlist.xcstrings; sourceTree = "<group>"; };
/* End PBXFileReference section */

/* Begin PBXFrameworksBuildPhase section */
		438986604B2C78AE1274FCCC /* Frameworks */ = {
			isa = PBXFrameworksBuildPhase;
			buildActionMask = 2147483647;
			files = (
				8C466FF2663C7810AE3F05F7 /* Sparkle in Frameworks */,
			);
			runOnlyForDeploymentPostprocessing = 0;
		};
/* End PBXFrameworksBuildPhase section */

/* Begin PBXGroup section */
		01ADD04694DC1788B03E686F /* Editor */ = {
			isa = PBXGroup;
			children = (
				43B16851DFFEE0D862CA25F5 /* ColorHex.swift */,
				A85E623B479AAFE9D781712C /* DeviceModel.swift */,
				3D5F26BF3A02C1C0BF0C5AC7 /* ExportInspector.swift */,
				914E022D031C2418DB050B65 /* ExportSettings.swift */,
				6FFFD98EB26E9F37F0EAB383 /* Palette.swift */,
				13FA7EE8B57DB800E27B7EFF /* ScreenshotComposition.swift */,
				8179F90772BDC74B3BE06180 /* ScreenshotExporter.swift */,
				C9FCC63A2B91680C9CA42AE7 /* ScreenshotsView.swift */,
			);
			path = Editor;
			sourceTree = "<group>";
		};
		064BD3BB898B00E144704D6C /* Resources */ = {
			isa = PBXGroup;
			children = (
				349A34C451E183983A2671F7 /* Assets.xcassets */,
				FC4714E87BA3F454D61AB62E /* InfoPlist.xcstrings */,
				D8364D0A15C26238D618D64F /* Localizable.xcstrings */,
			);
			path = Resources;
			sourceTree = "<group>";
		};
		29B7AB62E8F14023FCEADB0A /* Main */ = {
			isa = PBXGroup;
			children = (
				69D5BA942A8247E543839250 /* ConnectedView.swift */,
				19BD4894FA4DA29672406AB5 /* EmptyStateView.swift */,
				4007BBDE6B834F0FA7C409D0 /* MainView.swift */,
				BE7F358BB37C8E456F0C682A /* SidebarView.swift */,
			);
			path = Main;
			sourceTree = "<group>";
		};
		37C1E176301A1BCB2ABF3228 /* Capture */ = {
			isa = PBXGroup;
			children = (
				69BD76531EEF7711AC200E9D /* Capture.entitlements */,
				298D1D0616D9C3236B5705BC /* Info.plist */,
				38700A5EFFBC99C89C38E5C5 /* App */,
				C0C804609F0F9ABDFD4A262A /* Device */,
				01ADD04694DC1788B03E686F /* Editor */,
				58BE7339772B9791870E19E4 /* Library */,
				29B7AB62E8F14023FCEADB0A /* Main */,
				4E8FCF0F40E4DE42B3C9359B /* Onboarding */,
				064BD3BB898B00E144704D6C /* Resources */,
				9550B6036C796AF490EBC5E5 /* Settings */,
				65DCC27567F74C748F0B8059 /* Video */,
			);
			path = Capture;
			sourceTree = "<group>";
		};
		38700A5EFFBC99C89C38E5C5 /* App */ = {
			isa = PBXGroup;
			children = (
				798E078CFAAD34F2EFA2C525 /* CaptureApp.swift */,
				62E621C4EFD574904232267D /* LaunchArguments.swift */,
			);
			path = App;
			sourceTree = "<group>";
		};
		4E8FCF0F40E4DE42B3C9359B /* Onboarding */ = {
			isa = PBXGroup;
			children = (
				08C610CBBDB7B0C09743EF82 /* OnboardingView.swift */,
			);
			path = Onboarding;
			sourceTree = "<group>";
		};
		58BE7339772B9791870E19E4 /* Library */ = {
			isa = PBXGroup;
			children = (
				17DC58180F29A10F15E466AF /* CaptureLibrary.swift */,
				A2A4D0DB953846D6D40F98B6 /* CaptureMarker.swift */,
			);
			path = Library;
			sourceTree = "<group>";
		};
		65DCC27567F74C748F0B8059 /* Video */ = {
			isa = PBXGroup;
			children = (
				DDB6A39DC3709D972D9F703D /* VideoEdits.swift */,
				DE4D20A52D30A1DAE24114D0 /* VideoInspector.swift */,
				C83EE4141FEAAA319C110BBE /* VideoProject.swift */,
				EA708DCCFB9E20781D93AE27 /* VideoRenderer.swift */,
				2DA07AC3EBFE98EDB4257989 /* VideosView.swift */,
				6CC9BA93615EDB27CA04F8F0 /* VideoTimeline.swift */,
			);
			path = Video;
			sourceTree = "<group>";
		};
		9550B6036C796AF490EBC5E5 /* Settings */ = {
			isa = PBXGroup;
			children = (
				5297FE453ADC5A14C5300026 /* AppMover.swift */,
				B05635D390CEB0C46AB32BFA /* AppUpdater.swift */,
				6C1F43CD8DC6EDE15E504124 /* Preferences.swift */,
				D675959D7F8384D5334ACA07 /* SettingsView.swift */,
			);
			path = Settings;
			sourceTree = "<group>";
		};
		996D730C62AE43D58B094870 = {
			isa = PBXGroup;
			children = (
				37C1E176301A1BCB2ABF3228 /* Capture */,
				EC5F676C046689FB3E6D14C3 /* Products */,
			);
			sourceTree = "<group>";
		};
		C0C804609F0F9ABDFD4A262A /* Device */ = {
			isa = PBXGroup;
			children = (
				67CEA3E11D7C1CA3C0243BF9 /* CaptureController.swift */,
				6E26AF2380BC561283FBD05C /* CaptureFolder.swift */,
				C99F88A119AC1A7E27A12238 /* DeviceManager.swift */,
				A876D61EAABADA01DB4056AF /* DevicePreview.swift */,
				BC7BB86498C66053058E1EF8 /* MovieRecorder.swift */,
				E8624BEC384FF7632A890F88 /* PreviewSession.swift */,
			);
			path = Device;
			sourceTree = "<group>";
		};
		EC5F676C046689FB3E6D14C3 /* Products */ = {
			isa = PBXGroup;
			children = (
				87747926BD259319B628DB73 /* Capture.app */,
			);
			name = Products;
			sourceTree = "<group>";
		};
/* End PBXGroup section */

/* Begin PBXNativeTarget section */
		7B16652413D28E550B82BAB3 /* Capture */ = {
			isa = PBXNativeTarget;
			buildConfigurationList = D33B3E2A4BB27F4841886EBA /* Build configuration list for PBXNativeTarget "Capture" */;
			buildPhases = (
				D8101C438C655EBE9662FB1F /* Sources */,
				3D80A3ED2E1E524044816B69 /* Resources */,
				438986604B2C78AE1274FCCC /* Frameworks */,
			);
			buildRules = (
			);
			dependencies = (
			);
			name = Capture;
			packageProductDependencies = (
				161AFAC94DEF4202C8B9238A /* Sparkle */,
			);
			productName = Capture;
			productReference = 87747926BD259319B628DB73 /* Capture.app */;
			productType = "com.apple.product-type.application";
		};
/* End PBXNativeTarget section */

/* Begin PBXProject section */
		F37CB672B064795DABF49648 /* Project object */ = {
			isa = PBXProject;
			attributes = {
				BuildIndependentTargetsInParallel = YES;
				LastUpgradeCheck = 1430;
				TargetAttributes = {
					7B16652413D28E550B82BAB3 = {
						DevelopmentTeam = "";
						ProvisioningStyle = Manual;
					};
				};
			};
			buildConfigurationList = E199085336C88D40A03F6467 /* Build configuration list for PBXProject "Capture" */;
			developmentRegion = en;
			hasScannedForEncodings = 0;
			knownRegions = (
				Base,
				en,
				fr,
			);
			mainGroup = 996D730C62AE43D58B094870;
			minimizedProjectReferenceProxies = 1;
			packageReferences = (
				7C2D2A2196FC0C234C9BDC3D /* XCRemoteSwiftPackageReference "Sparkle" */,
			);
			preferredProjectObjectVersion = 77;
			productRefGroup = EC5F676C046689FB3E6D14C3 /* Products */;
			projectDirPath = "";
			projectRoot = "";
			targets = (
				7B16652413D28E550B82BAB3 /* Capture */,
			);
		};
/* End PBXProject section */

/* Begin PBXResourcesBuildPhase section */
		3D80A3ED2E1E524044816B69 /* Resources */ = {
			isa = PBXResourcesBuildPhase;
			buildActionMask = 2147483647;
			files = (
				BE23A55519E4BC885127964B /* Assets.xcassets in Resources */,
				BACC6D946F89D64C78CEB8A0 /* InfoPlist.xcstrings in Resources */,
				9EDAA42E01F2D98E285B619E /* Localizable.xcstrings in Resources */,
			);
			runOnlyForDeploymentPostprocessing = 0;
		};
/* End PBXResourcesBuildPhase section */

/* Begin PBXSourcesBuildPhase section */
		D8101C438C655EBE9662FB1F /* Sources */ = {
			isa = PBXSourcesBuildPhase;
			buildActionMask = 2147483647;
			files = (
				FF3F18F116213DB2AA38FDB5 /* AppMover.swift in Sources */,
				6F18D59DBDE8B569F88BB4DB /* AppUpdater.swift in Sources */,
				0B79E75052C3F11381B32CBE /* CaptureApp.swift in Sources */,
				9CB4E79386ED69DFB7F30377 /* CaptureController.swift in Sources */,
				B1972B5E31E5AC8B1F7FC425 /* CaptureFolder.swift in Sources */,
				B47DBE531FE0EA022B65725C /* CaptureLibrary.swift in Sources */,
				5AE67B5362420988B02E513B /* CaptureMarker.swift in Sources */,
				052616A664731B25D110A1DC /* ColorHex.swift in Sources */,
				CB82FFDAAAC8528116E9998E /* ConnectedView.swift in Sources */,
				12957E342B20D19DC4686DEF /* DeviceManager.swift in Sources */,
				56EA6C419E41ACDF1443B1B7 /* DeviceModel.swift in Sources */,
				E35F479814AE62E837D69E4F /* DevicePreview.swift in Sources */,
				25EF66E79903A48CA0BA50DE /* EmptyStateView.swift in Sources */,
				8505E7E1B44E814099615C3E /* ExportInspector.swift in Sources */,
				1C24AB8151FEEF471F6C0D35 /* ExportSettings.swift in Sources */,
				90451C2A3EA7C005BD81DB4B /* LaunchArguments.swift in Sources */,
				F3F191B542621ED928834DA3 /* MainView.swift in Sources */,
				8FA57D83A5E5B1E97BEB238F /* MovieRecorder.swift in Sources */,
				9E7B27EAFD354285A43240B8 /* OnboardingView.swift in Sources */,
				AF529579361B5A1586D80A11 /* Palette.swift in Sources */,
				24D0EBCC90AFDD2F1915DE7A /* Preferences.swift in Sources */,
				95CF826E2949863F0574B130 /* PreviewSession.swift in Sources */,
				8AF109D3B8E19AF6ADC59FE6 /* ScreenshotComposition.swift in Sources */,
				20C3198D8389F50E04D2CFC9 /* ScreenshotExporter.swift in Sources */,
				2B0A40F84FE03D98ABC459B9 /* ScreenshotsView.swift in Sources */,
				328B0941285BC2743A4EB05A /* SettingsView.swift in Sources */,
				3B4EA10F03E20387054B2E9A /* SidebarView.swift in Sources */,
				032A86C20037C5F776A35F80 /* VideoEdits.swift in Sources */,
				4BB740CF7E2AA26A36CD9574 /* VideoInspector.swift in Sources */,
				FE8C79C48D4ACEA9AE3C5405 /* VideoProject.swift in Sources */,
				A3A240434DD63B58047FE417 /* VideoRenderer.swift in Sources */,
				C83B1E301FB17102CABD3846 /* VideoTimeline.swift in Sources */,
				677EB461FF6556ECEDBB04AF /* VideosView.swift in Sources */,
			);
			runOnlyForDeploymentPostprocessing = 0;
		};
/* End PBXSourcesBuildPhase section */

/* Begin XCBuildConfiguration section */
		2D292EF7011B4DE777A94C5E /* Release */ = {
			isa = XCBuildConfiguration;
			buildSettings = {
				ASSETCATALOG_COMPILER_APPICON_NAME = AppIcon;
				ASSETCATALOG_COMPILER_GLOBAL_ACCENT_COLOR_NAME = AccentColor;
				CODE_SIGN_ENTITLEMENTS = Capture/Capture.entitlements;
				CODE_SIGN_IDENTITY = "-";
				CODE_SIGN_STYLE = Manual;
				COMBINE_HIDPI_IMAGES = YES;
				DEVELOPMENT_TEAM = "";
				ENABLE_HARDENED_RUNTIME = YES;
				INFOPLIST_FILE = Capture/Info.plist;
				LD_RUNPATH_SEARCH_PATHS = (
					"$(inherited)",
					"@executable_path/../Frameworks",
				);
				PRODUCT_BUNDLE_IDENTIFIER = com.theonaircompany.capture;
				PRODUCT_NAME = Capture;
				SDKROOT = macosx;
			};
			name = Release;
		};
		4B03FED9A17340F197563370 /* Release */ = {
			isa = XCBuildConfiguration;
			buildSettings = {
				ALWAYS_SEARCH_USER_PATHS = NO;
				CLANG_ANALYZER_NONNULL = YES;
				CLANG_ANALYZER_NUMBER_OBJECT_CONVERSION = YES_AGGRESSIVE;
				CLANG_CXX_LANGUAGE_STANDARD = "gnu++14";
				CLANG_CXX_LIBRARY = "libc++";
				CLANG_ENABLE_MODULES = YES;
				CLANG_ENABLE_OBJC_ARC = YES;
				CLANG_ENABLE_OBJC_WEAK = YES;
				CLANG_WARN_BLOCK_CAPTURE_AUTORELEASING = YES;
				CLANG_WARN_BOOL_CONVERSION = YES;
				CLANG_WARN_COMMA = YES;
				CLANG_WARN_CONSTANT_CONVERSION = YES;
				CLANG_WARN_DEPRECATED_OBJC_IMPLEMENTATIONS = YES;
				CLANG_WARN_DIRECT_OBJC_ISA_USAGE = YES_ERROR;
				CLANG_WARN_DOCUMENTATION_COMMENTS = YES;
				CLANG_WARN_EMPTY_BODY = YES;
				CLANG_WARN_ENUM_CONVERSION = YES;
				CLANG_WARN_INFINITE_RECURSION = YES;
				CLANG_WARN_INT_CONVERSION = YES;
				CLANG_WARN_NON_LITERAL_NULL_CONVERSION = YES;
				CLANG_WARN_OBJC_IMPLICIT_RETAIN_SELF = YES;
				CLANG_WARN_OBJC_LITERAL_CONVERSION = YES;
				CLANG_WARN_OBJC_ROOT_CLASS = YES_ERROR;
				CLANG_WARN_QUOTED_INCLUDE_IN_FRAMEWORK_HEADER = YES;
				CLANG_WARN_RANGE_LOOP_ANALYSIS = YES;
				CLANG_WARN_STRICT_PROTOTYPES = YES;
				CLANG_WARN_SUSPICIOUS_MOVE = YES;
				CLANG_WARN_UNGUARDED_AVAILABILITY = YES_AGGRESSIVE;
				CLANG_WARN_UNREACHABLE_CODE = YES;
				CLANG_WARN__DUPLICATE_METHOD_MATCH = YES;
				COPY_PHASE_STRIP = NO;
				CURRENT_PROJECT_VERSION = 1;
				DEAD_CODE_STRIPPING = YES;
				DEBUG_INFORMATION_FORMAT = "dwarf-with-dsym";
				ENABLE_NS_ASSERTIONS = NO;
				ENABLE_STRICT_OBJC_MSGSEND = YES;
				GCC_C_LANGUAGE_STANDARD = gnu11;
				GCC_NO_COMMON_BLOCKS = YES;
				GCC_WARN_64_TO_32_BIT_CONVERSION = YES;
				GCC_WARN_ABOUT_RETURN_TYPE = YES_ERROR;
				GCC_WARN_UNDECLARED_SELECTOR = YES;
				GCC_WARN_UNINITIALIZED_AUTOS = YES_AGGRESSIVE;
				GCC_WARN_UNUSED_FUNCTION = YES;
				GCC_WARN_UNUSED_VARIABLE = YES;
				LOCALIZATION_PREFERS_STRING_CATALOGS = YES;
				MACOSX_DEPLOYMENT_TARGET = 26.0;
				MARKETING_VERSION = 0.2.0;
				MTL_ENABLE_DEBUG_INFO = NO;
				MTL_FAST_MATH = YES;
				PRODUCT_NAME = "$(TARGET_NAME)";
				SDKROOT = macosx;
				SWIFT_APPROACHABLE_CONCURRENCY = YES;
				SWIFT_COMPILATION_MODE = wholemodule;
				SWIFT_DEFAULT_ACTOR_ISOLATION = MainActor;
				SWIFT_EMIT_LOC_STRINGS = YES;
				SWIFT_OPTIMIZATION_LEVEL = "-O";
				SWIFT_VERSION = 6.0;
			};
			name = Release;
		};
		812A4C5E2F064C769C95694E /* Debug */ = {
			isa = XCBuildConfiguration;
			buildSettings = {
				ASSETCATALOG_COMPILER_APPICON_NAME = AppIcon;
				ASSETCATALOG_COMPILER_GLOBAL_ACCENT_COLOR_NAME = AccentColor;
				CODE_SIGN_ENTITLEMENTS = Capture/Capture.entitlements;
				CODE_SIGN_IDENTITY = "-";
				CODE_SIGN_STYLE = Manual;
				COMBINE_HIDPI_IMAGES = YES;
				DEVELOPMENT_TEAM = "";
				ENABLE_HARDENED_RUNTIME = YES;
				INFOPLIST_FILE = Capture/Info.plist;
				LD_RUNPATH_SEARCH_PATHS = (
					"$(inherited)",
					"@executable_path/../Frameworks",
				);
				PRODUCT_BUNDLE_IDENTIFIER = com.theonaircompany.capture;
				PRODUCT_NAME = Capture;
				SDKROOT = macosx;
			};
			name = Debug;
		};
		D39F5F8D77D168942A991695 /* Debug */ = {
			isa = XCBuildConfiguration;
			buildSettings = {
				ALWAYS_SEARCH_USER_PATHS = NO;
				CLANG_ANALYZER_NONNULL = YES;
				CLANG_ANALYZER_NUMBER_OBJECT_CONVERSION = YES_AGGRESSIVE;
				CLANG_CXX_LANGUAGE_STANDARD = "gnu++14";
				CLANG_CXX_LIBRARY = "libc++";
				CLANG_ENABLE_MODULES = YES;
				CLANG_ENABLE_OBJC_ARC = YES;
				CLANG_ENABLE_OBJC_WEAK = YES;
				CLANG_WARN_BLOCK_CAPTURE_AUTORELEASING = YES;
				CLANG_WARN_BOOL_CONVERSION = YES;
				CLANG_WARN_COMMA = YES;
				CLANG_WARN_CONSTANT_CONVERSION = YES;
				CLANG_WARN_DEPRECATED_OBJC_IMPLEMENTATIONS = YES;
				CLANG_WARN_DIRECT_OBJC_ISA_USAGE = YES_ERROR;
				CLANG_WARN_DOCUMENTATION_COMMENTS = YES;
				CLANG_WARN_EMPTY_BODY = YES;
				CLANG_WARN_ENUM_CONVERSION = YES;
				CLANG_WARN_INFINITE_RECURSION = YES;
				CLANG_WARN_INT_CONVERSION = YES;
				CLANG_WARN_NON_LITERAL_NULL_CONVERSION = YES;
				CLANG_WARN_OBJC_IMPLICIT_RETAIN_SELF = YES;
				CLANG_WARN_OBJC_LITERAL_CONVERSION = YES;
				CLANG_WARN_OBJC_ROOT_CLASS = YES_ERROR;
				CLANG_WARN_QUOTED_INCLUDE_IN_FRAMEWORK_HEADER = YES;
				CLANG_WARN_RANGE_LOOP_ANALYSIS = YES;
				CLANG_WARN_STRICT_PROTOTYPES = YES;
				CLANG_WARN_SUSPICIOUS_MOVE = YES;
				CLANG_WARN_UNGUARDED_AVAILABILITY = YES_AGGRESSIVE;
				CLANG_WARN_UNREACHABLE_CODE = YES;
				CLANG_WARN__DUPLICATE_METHOD_MATCH = YES;
				COPY_PHASE_STRIP = NO;
				CURRENT_PROJECT_VERSION = 1;
				DEAD_CODE_STRIPPING = YES;
				DEBUG_INFORMATION_FORMAT = dwarf;
				ENABLE_STRICT_OBJC_MSGSEND = YES;
				ENABLE_TESTABILITY = YES;
				GCC_C_LANGUAGE_STANDARD = gnu11;
				GCC_DYNAMIC_NO_PIC = NO;
				GCC_NO_COMMON_BLOCKS = YES;
				GCC_OPTIMIZATION_LEVEL = 0;
				GCC_PREPROCESSOR_DEFINITIONS = (
					"$(inherited)",
					"DEBUG=1",
				);
				GCC_WARN_64_TO_32_BIT_CONVERSION = YES;
				GCC_WARN_ABOUT_RETURN_TYPE = YES_ERROR;
				GCC_WARN_UNDECLARED_SELECTOR = YES;
				GCC_WARN_UNINITIALIZED_AUTOS = YES_AGGRESSIVE;
				GCC_WARN_UNUSED_FUNCTION = YES;
				GCC_WARN_UNUSED_VARIABLE = YES;
				LOCALIZATION_PREFERS_STRING_CATALOGS = YES;
				MACOSX_DEPLOYMENT_TARGET = 26.0;
				MARKETING_VERSION = 0.2.0;
				MTL_ENABLE_DEBUG_INFO = INCLUDE_SOURCE;
				MTL_FAST_MATH = YES;
				ONLY_ACTIVE_ARCH = YES;
				PRODUCT_NAME = "$(TARGET_NAME)";
				SDKROOT = macosx;
				SWIFT_ACTIVE_COMPILATION_CONDITIONS = DEBUG;
				SWIFT_APPROACHABLE_CONCURRENCY = YES;
				SWIFT_DEFAULT_ACTOR_ISOLATION = MainActor;
				SWIFT_EMIT_LOC_STRINGS = YES;
				SWIFT_OPTIMIZATION_LEVEL = "-Onone";
				SWIFT_VERSION = 6.0;
			};
			name = Debug;
		};
/* End XCBuildConfiguration section */

/* Begin XCConfigurationList section */
		D33B3E2A4BB27F4841886EBA /* Build configuration list for PBXNativeTarget "Capture" */ = {
			isa = XCConfigurationList;
			buildConfigurations = (
				812A4C5E2F064C769C95694E /* Debug */,
				2D292EF7011B4DE777A94C5E /* Release */,
			);
			defaultConfigurationIsVisible = 0;
			defaultConfigurationName = Debug;
		};
		E199085336C88D40A03F6467 /* Build configuration list for PBXProject "Capture" */ = {
			isa = XCConfigurationList;
			buildConfigurations = (
				D39F5F8D77D168942A991695 /* Debug */,
				4B03FED9A17340F197563370 /* Release */,
			);
			defaultConfigurationIsVisible = 0;
			defaultConfigurationName = Debug;
		};
/* End XCConfigurationList section */

/* Begin XCRemoteSwiftPackageReference section */
		7C2D2A2196FC0C234C9BDC3D /* XCRemoteSwiftPackageReference "Sparkle" */ = {
			isa = XCRemoteSwiftPackageReference;
			repositoryURL = "https://github.com/sparkle-project/Sparkle";
			requirement = {
				kind = upToNextMajorVersion;
				minimumVersion = 2.10.0;
			};
		};
/* End XCRemoteSwiftPackageReference section */

/* Begin XCSwiftPackageProductDependency section */
		161AFAC94DEF4202C8B9238A /* Sparkle */ = {
			isa = XCSwiftPackageProductDependency;
			package = 7C2D2A2196FC0C234C9BDC3D /* XCRemoteSwiftPackageReference "Sparkle" */;
			productName = Sparkle;
		};
/* End XCSwiftPackageProductDependency section */
	};
	rootObject = F37CB672B064795DABF49648 /* Project object */;
}
